
Microsoft Visual Studio Solution File, Format Version 12.00
# Visual Studio Version 17
VisualStudioVersion = 17.9.34728.123
MinimumVisualStudioVersion = 10.0.40219.1
Project("{FAE04EC0-301F-11D3-BF4B-00C04F79EFBC}") = "T2_HERRERA_LUIS", "T2_HERRERA_LUIS\T2_HERRERA_LUIS.csproj", "{908239B7-B30B-489F-B244-9AC4E6402002}"
EndProject
Global
	GlobalSection(SolutionConfigurationPlatforms) = preSolution
		Debug|Any CPU = Debug|Any CPU
		Release|Any CPU = Release|Any CPU
	EndGlobalSection
	GlobalSection(ProjectConfigurationPlatforms) = postSolution
		{908239B7-B30B-489F-B244-9AC4E6402002}.Debug|Any CPU.ActiveCfg = Debug|Any CPU
		{908239B7-B30B-489F-B244-9AC4E6402002}.Debug|Any CPU.Build.0 = Debug|Any CPU
		{908239B7-B30B-489F-B244-9AC4E6402002}.Release|Any CPU.ActiveCfg = Release|Any CPU
		{908239B7-B30B-489F-B244-9AC4E6402002}.Release|Any CPU.Build.0 = Release|Any CPU
	EndGlobalSection
	GlobalSection(SolutionProperties) = preSolution
		HideSolutionNode = FALSE
	EndGlobalSection
	GlobalSection(ExtensibilityGlobals) = postSolution
		SolutionGuid = {19E3A651-21D6-4BAD-987B-3BDA601DA639}
	EndGlobalSection
EndGlobal
